// !$*UTF8*$!
{archiveVersion = 1; classes = {}; objectVersion = 56; objects = {
9E232BE73FECBBF8659C79E7 = {isa = XCBuildConfiguration; buildSettings = {SDKROOT = iphoneos;IPHONEOS_DEPLOYMENT_TARGET = 17.0;SWIFT_VERSION = 5.0;CLANG_ENABLE_MODULES = YES;SWIFT_STRICT_CONCURRENCY = targeted;DEBUG_INFORMATION_FORMAT = dwarf;SWIFT_OPTIMIZATION_LEVEL = "-Onone";}; name = Debug;};
95126388EE2677EABF3CF99B = {isa = XCBuildConfiguration; buildSettings = {SDKROOT = iphoneos;IPHONEOS_DEPLOYMENT_TARGET = 17.0;SWIFT_VERSION = 5.0;CLANG_ENABLE_MODULES = YES;SWIFT_STRICT_CONCURRENCY = targeted;DEBUG_INFORMATION_FORMAT = dwarf;}; name = Release;};
614471660AA131A99883C67C = {isa = XCConfigurationList; buildConfigurations = (9E232BE73FECBBF8659C79E7, 95126388EE2677EABF3CF99B,); defaultConfigurationIsVisible = 0; defaultConfigurationName = Release;};
9B72E53A4AEA3A27D75715BB = {isa = PBXFileReference; lastKnownFileType = sourcecode.swift; path = "CameraScanner.swift"; sourceTree = "<group>";};
90F42A7E4879F7EE439DB5D0 = {isa = PBXBuildFile; fileRef = 9B72E53A4AEA3A27D75715BB;};
B783CA5E482FFD4FB459C6EE = {isa = PBXFileReference; lastKnownFileType = sourcecode.swift; path = "DQORStaffApp.swift"; sourceTree = "<group>";};
FC8918DF12565B810E642D9C = {isa = PBXBuildFile; fileRef = B783CA5E482FFD4FB459C6EE;};
47871CFF38A0337A2BE44F08 = {isa = PBXFileReference; lastKnownFileType = sourcecode.swift; path = "NativeStaffAPI.swift"; sourceTree = "<group>";};
57B8F41D893FA155C297D5AE = {isa = PBXBuildFile; fileRef = 47871CFF38A0337A2BE44F08;};
621A2463D3357E0D7BDF396A = {isa = PBXFileReference; lastKnownFileType = sourcecode.swift; path = "NativeTokenStore.swift"; sourceTree = "<group>";};
B23C9FD187F861F2B01E378F = {isa = PBXBuildFile; fileRef = 621A2463D3357E0D7BDF396A;};
B9497CBFE6ED67B5318AB2CC = {isa = PBXFileReference; lastKnownFileType = sourcecode.swift; path = "NativeTransport.swift"; sourceTree = "<group>";};
B7E57DEAF54CB27DF2CF8A0E = {isa = PBXBuildFile; fileRef = B9497CBFE6ED67B5318AB2CC;};
1DFAE2CA3C215AC7BBB2A372 = {isa = PBXFileReference; lastKnownFileType = sourcecode.swift; path = "StaffAPI.swift"; sourceTree = "<group>";};
097EA097BA5F92115DF50AD9 = {isa = PBXBuildFile; fileRef = 1DFAE2CA3C215AC7BBB2A372;};
793C485BFF504BCA7091AD78 = {isa = PBXFileReference; lastKnownFileType = sourcecode.swift; path = "StaffStore.swift"; sourceTree = "<group>";};
CDA9F476F4BB6E414557E400 = {isa = PBXBuildFile; fileRef = 793C485BFF504BCA7091AD78;};
2EB56BE3C2D93CDAB0C52E67 = {isa = PBXGroup; children = (9B72E53A4AEA3A27D75715BB, B783CA5E482FFD4FB459C6EE, 47871CFF38A0337A2BE44F08, 621A2463D3357E0D7BDF396A, B9497CBFE6ED67B5318AB2CC, 1DFAE2CA3C215AC7BBB2A372, 793C485BFF504BCA7091AD78,); path = Sources; sourceTree = "<group>";};
B87F575BB18200A516FD54CC = {isa = PBXFileReference; explicitFileType = wrapper.application; path = DQORStaff.app; sourceTree = BUILT_PRODUCTS_DIR;};
62C3681E30FC5A7CD340F3A6 = {isa = PBXSourcesBuildPhase; buildActionMask = 2147483647; files = (90F42A7E4879F7EE439DB5D0, FC8918DF12565B810E642D9C, 57B8F41D893FA155C297D5AE, B23C9FD187F861F2B01E378F, B7E57DEAF54CB27DF2CF8A0E, 097EA097BA5F92115DF50AD9, CDA9F476F4BB6E414557E400,); runOnlyForDeploymentPostprocessing = 0;};
059BEB177F5E3BF1F45D54A7 = {isa = XCBuildConfiguration; buildSettings = {PRODUCT_NAME = "$(TARGET_NAME)";PRODUCT_BUNDLE_IDENTIFIER = org.dqor.staff;GENERATE_INFOPLIST_FILE = YES;TARGETED_DEVICE_FAMILY = "1,2";CODE_SIGN_STYLE = Automatic;CURRENT_PROJECT_VERSION = 1;MARKETING_VERSION = 0.1.0;ENABLE_TESTABILITY = YES;INFOPLIST_KEY_NSCameraUsageDescription = "Scan attendee ticket QR codes to prepare a check-in batch.";INFOPLIST_KEY_UIApplicationSceneManifest_Generation = YES;INFOPLIST_KEY_UILaunchScreen_Generation = YES;INFOPLIST_KEY_CFBundleDisplayName = "DQOR Staff";INFOPLIST_KEY_UISupportedInterfaceOrientations = "UIInterfaceOrientationPortrait UIInterfaceOrientationLandscapeLeft UIInterfaceOrientationLandscapeRight";SWIFT_OPTIMIZATION_LEVEL = "-Onone";}; name = Debug;};
5C245CB4B4201F5565D97BB4 = {isa = XCBuildConfiguration; buildSettings = {PRODUCT_NAME = "$(TARGET_NAME)";PRODUCT_BUNDLE_IDENTIFIER = org.dqor.staff;GENERATE_INFOPLIST_FILE = YES;TARGETED_DEVICE_FAMILY = "1,2";CODE_SIGN_STYLE = Automatic;CURRENT_PROJECT_VERSION = 1;MARKETING_VERSION = 0.1.0;ENABLE_TESTABILITY = YES;INFOPLIST_KEY_NSCameraUsageDescription = "Scan attendee ticket QR codes to prepare a check-in batch.";INFOPLIST_KEY_UIApplicationSceneManifest_Generation = YES;INFOPLIST_KEY_UILaunchScreen_Generation = YES;INFOPLIST_KEY_CFBundleDisplayName = "DQOR Staff";INFOPLIST_KEY_UISupportedInterfaceOrientations = "UIInterfaceOrientationPortrait UIInterfaceOrientationLandscapeLeft UIInterfaceOrientationLandscapeRight";}; name = Release;};
328D83030DA6AF22E621CFE4 = {isa = XCConfigurationList; buildConfigurations = (059BEB177F5E3BF1F45D54A7, 5C245CB4B4201F5565D97BB4,); defaultConfigurationIsVisible = 0; defaultConfigurationName = Release;};
FDB4E627ED2795F871372B79 = {isa = PBXNativeTarget; buildConfigurationList = 328D83030DA6AF22E621CFE4; buildPhases = (62C3681E30FC5A7CD340F3A6,); buildRules = (); dependencies = (); name = DQORStaff; productName = DQORStaff; productReference = B87F575BB18200A516FD54CC; productType = "com.apple.product-type.application";};
6181C4E48FB385AD35531E2D = {isa = PBXFileReference; lastKnownFileType = sourcecode.swift; path = "NativeAPITests.swift"; sourceTree = "<group>";};
3603106BBABC1CCFFCE2E2FC = {isa = PBXBuildFile; fileRef = 6181C4E48FB385AD35531E2D;};
AE4BD52594904A748918B9DF = {isa = PBXFileReference; lastKnownFileType = sourcecode.swift; path = "StaffTests.swift"; sourceTree = "<group>";};
8463DFE9934A5237E94A6D64 = {isa = PBXBuildFile; fileRef = AE4BD52594904A748918B9DF;};
39FDEC1194D94212B871A28B = {isa = PBXGroup; children = (6181C4E48FB385AD35531E2D, AE4BD52594904A748918B9DF,); path = Tests; sourceTree = "<group>";};
1FF167A6DEB47EDB30149535 = {isa = PBXFileReference; explicitFileType = wrapper.cfbundle; path = DQORStaffTests.xctest; sourceTree = BUILT_PRODUCTS_DIR;};
92C45C40A75DB3C0FBF063FF = {isa = PBXSourcesBuildPhase; buildActionMask = 2147483647; files = (3603106BBABC1CCFFCE2E2FC, 8463DFE9934A5237E94A6D64,); runOnlyForDeploymentPostprocessing = 0;};
C94EEFF3283D49ABB3ED3B34 = {isa = XCBuildConfiguration; buildSettings = {PRODUCT_NAME = "$(TARGET_NAME)";PRODUCT_BUNDLE_IDENTIFIER = org.dqor.staff.tests;GENERATE_INFOPLIST_FILE = YES;TARGETED_DEVICE_FAMILY = "1,2";CODE_SIGN_STYLE = Automatic;CURRENT_PROJECT_VERSION = 1;MARKETING_VERSION = 0.1.0;ENABLE_TESTABILITY = YES;TEST_HOST = "$(BUILT_PRODUCTS_DIR)/DQORStaff.app/$(BUNDLE_EXECUTABLE_FOLDER_PATH)/DQORStaff";BUNDLE_LOADER = "$(TEST_HOST)";SWIFT_OPTIMIZATION_LEVEL = "-Onone";}; name = Debug;};
F59218EEC29BAD1C628BC9ED = {isa = XCBuildConfiguration; buildSettings = {PRODUCT_NAME = "$(TARGET_NAME)";PRODUCT_BUNDLE_IDENTIFIER = org.dqor.staff.tests;GENERATE_INFOPLIST_FILE = YES;TARGETED_DEVICE_FAMILY = "1,2";CODE_SIGN_STYLE = Automatic;CURRENT_PROJECT_VERSION = 1;MARKETING_VERSION = 0.1.0;ENABLE_TESTABILITY = YES;TEST_HOST = "$(BUILT_PRODUCTS_DIR)/DQORStaff.app/$(BUNDLE_EXECUTABLE_FOLDER_PATH)/DQORStaff";BUNDLE_LOADER = "$(TEST_HOST)";}; name = Release;};
78570AB37A066CDA6733B241 = {isa = XCConfigurationList; buildConfigurations = (C94EEFF3283D49ABB3ED3B34, F59218EEC29BAD1C628BC9ED,); defaultConfigurationIsVisible = 0; defaultConfigurationName = Release;};
3643471115EC75CD8F91DB61 = {isa = PBXContainerItemProxy; containerPortal = 98F54143AB4E86B28C3AFEE0; proxyType = 1; remoteGlobalIDString = FDB4E627ED2795F871372B79; remoteInfo = DQORStaff;};
2BF2E1B581CD9140BDA5FE55 = {isa = PBXTargetDependency; target = FDB4E627ED2795F871372B79; targetProxy = 3643471115EC75CD8F91DB61;};
13FD06AA817B1D1DFAD6A296 = {isa = PBXNativeTarget; buildConfigurationList = 78570AB37A066CDA6733B241; buildPhases = (92C45C40A75DB3C0FBF063FF,); buildRules = (); dependencies = (2BF2E1B581CD9140BDA5FE55,); name = DQORStaffTests; productName = DQORStaffTests; productReference = 1FF167A6DEB47EDB30149535; productType = "com.apple.product-type.bundle.unit-test";};
D035B06E580FE7D268521BF9 = {isa = PBXFileReference; lastKnownFileType = sourcecode.swift; path = "StaffUITests.swift"; sourceTree = "<group>";};
ABC51B3B5FEE7631A1C43576 = {isa = PBXBuildFile; fileRef = D035B06E580FE7D268521BF9;};
8D5093D2C263EEDEAE2010BE = {isa = PBXGroup; children = (D035B06E580FE7D268521BF9,); path = UITests; sourceTree = "<group>";};
A3FFEB9F69CD28BD30B79CD1 = {isa = PBXFileReference; explicitFileType = wrapper.cfbundle; path = DQORStaffUITests.xctest; sourceTree = BUILT_PRODUCTS_DIR;};
98E2ECBEBA637982CE42FF47 = {isa = PBXSourcesBuildPhase; buildActionMask = 2147483647; files = (ABC51B3B5FEE7631A1C43576,); runOnlyForDeploymentPostprocessing = 0;};
81011FD7D81D1415C5AA1860 = {isa = XCBuildConfiguration; buildSettings = {PRODUCT_NAME = "$(TARGET_NAME)";PRODUCT_BUNDLE_IDENTIFIER = org.dqor.staff.uitests;GENERATE_INFOPLIST_FILE = YES;TARGETED_DEVICE_FAMILY = "1,2";CODE_SIGN_STYLE = Automatic;CURRENT_PROJECT_VERSION = 1;MARKETING_VERSION = 0.1.0;ENABLE_TESTABILITY = YES;TEST_TARGET_NAME = DQORStaff;SWIFT_OPTIMIZATION_LEVEL = "-Onone";}; name = Debug;};
6E5900DBFE460B580B486CF5 = {isa = XCBuildConfiguration; buildSettings = {PRODUCT_NAME = "$(TARGET_NAME)";PRODUCT_BUNDLE_IDENTIFIER = org.dqor.staff.uitests;GENERATE_INFOPLIST_FILE = YES;TARGETED_DEVICE_FAMILY = "1,2";CODE_SIGN_STYLE = Automatic;CURRENT_PROJECT_VERSION = 1;MARKETING_VERSION = 0.1.0;ENABLE_TESTABILITY = YES;TEST_TARGET_NAME = DQORStaff;}; name = Release;};
4FFF7A4611A90EBB04548A19 = {isa = XCConfigurationList; buildConfigurations = (81011FD7D81D1415C5AA1860, 6E5900DBFE460B580B486CF5,); defaultConfigurationIsVisible = 0; defaultConfigurationName = Release;};
F7753C3838674C6321E08CEE = {isa = PBXContainerItemProxy; containerPortal = 98F54143AB4E86B28C3AFEE0; proxyType = 1; remoteGlobalIDString = FDB4E627ED2795F871372B79; remoteInfo = DQORStaff;};
CD558C6CEF35CC8DCD66BB37 = {isa = PBXTargetDependency; target = FDB4E627ED2795F871372B79; targetProxy = F7753C3838674C6321E08CEE;};
E82F294F80B6C96C9D192ECD = {isa = PBXNativeTarget; buildConfigurationList = 4FFF7A4611A90EBB04548A19; buildPhases = (98E2ECBEBA637982CE42FF47,); buildRules = (); dependencies = (CD558C6CEF35CC8DCD66BB37,); name = DQORStaffUITests; productName = DQORStaffUITests; productReference = A3FFEB9F69CD28BD30B79CD1; productType = "com.apple.product-type.bundle.ui-testing";};
FBDC4F23F93125BBEEAE800C = {isa = PBXGroup; children = (B87F575BB18200A516FD54CC, 1FF167A6DEB47EDB30149535, A3FFEB9F69CD28BD30B79CD1,); name = Products; sourceTree = "<group>";};
B28B7AF69320201D1CF206EB = {isa = PBXGroup; children = (2EB56BE3C2D93CDAB0C52E67, 39FDEC1194D94212B871A28B, 8D5093D2C263EEDEAE2010BE, FBDC4F23F93125BBEEAE800C,); sourceTree = "<group>";};
98F54143AB4E86B28C3AFEE0 = {isa = PBXProject; attributes = {LastUpgradeCheck = 2700;}; buildConfigurationList = 614471660AA131A99883C67C; compatibilityVersion = "Xcode 14.0"; developmentRegion = en; hasScannedForEncodings = 0; knownRegions = (en, Base); mainGroup = B28B7AF69320201D1CF206EB; productRefGroup = FBDC4F23F93125BBEEAE800C; projectDirPath = ""; projectRoot = ""; targets = (FDB4E627ED2795F871372B79, 13FD06AA817B1D1DFAD6A296, E82F294F80B6C96C9D192ECD,);};
}; rootObject = 98F54143AB4E86B28C3AFEE0;}
